Microsoft Visual Studio Solution File, Format Version 8.00
Project("{8BC9CEB8-8B4A-11D0-8D11-00A0C91BC942}") = "GoonZuWorld", "BeTheRich.vcproj", "{7A9BE665-2557-4AB1-A37B-6365C45F318B}"
	ProjectSection(ProjectDependencies) = postProject
	EndProjectSection
EndProject
Project("{8BC9CEB8-8B4A-11D0-8D11-00A0C91BC942}") = "lua513", "..\NLib\lua\lua513.vcproj", "{A33D572B-78A7-4ECF-B839-BBC1AA217EAA}"
	ProjectSection(ProjectDependencies) = postProject
	EndProjectSection
EndProject
Project("{8BC9CEB8-8B4A-11D0-8D11-00A0C91BC942}") = "NStatistics", "..\NStatistics\NStatistics.vcproj", "{0B346DBB-39BE-46B0-A313-23FC19305AC8}"
	ProjectSection(ProjectDependencies) = postProject
	EndProjectSection
EndProject
Project("{8BC9CEB8-8B4A-11D0-8D11-00A0C91BC942}") = "NkCommon", "..\NLib\NTech\Src_NkCore\NkCommon\VC70\NkCommon.vcproj", "{25B9E0DD-E4B1-4EB0-BD12-E0CD3BBCF97F}"
	ProjectSection(ProjectDependencies) = postProject
	EndProjectSection
EndProject
Global
	GlobalSection(SolutionConfiguration) = preSolution
		Debug = Debug
		Debug_China = Debug_China
		Debug_Dev = Debug_Dev
		Debug_English = Debug_English
		Debug_EUROPE = Debug_EUROPE
		Debug_Japan = Debug_Japan
		Debug_Korea = Debug_Korea
		Debug_N = Debug_N
		Debug_NHNChina = Debug_NHNChina
		Debug_Plus = Debug_Plus
		Debug_Taiwan = Debug_Taiwan
		Debug_USA = Debug_USA
		Final Release = Final Release
		Release = Release
		Release_China = Release_China
		Release_English = Release_English
		Release_EUROPE = Release_EUROPE
		Release_Goonzu = Release_Goonzu
		Release_Japan = Release_Japan
		Release_Japan_User_Test = Release_Japan_User_Test
		Release_Korea = Release_Korea
		Release_Netmarble = Release_Netmarble
		Release_NHNChina = Release_NHNChina
		Release_Plus = Release_Plus
		Release_Taiwan = Release_Taiwan
		Release_USA = Release_USA
		ReleaseServer_China = ReleaseServer_China
		ReleaseServer_English = ReleaseServer_English
		ReleaseServer_EUROPE = ReleaseServer_EUROPE
		ReleaseServer_Japan = ReleaseServer_Japan
		ReleaseServer_Japan_User_Test = ReleaseServer_Japan_User_Test
		ReleaseServer_Korea = ReleaseServer_Korea
		ReleaseServer_NHNCHina = ReleaseServer_NHNCHina
		ReleaseServer_Taiwan = ReleaseServer_Taiwan
		ReleaseServer_USA = ReleaseServer_USA
		ReleaseTestServer_Taiwan = ReleaseTestServer_Taiwan
		ReleaseTestServer_USA = ReleaseTestServer_USA
	EndGlobalSection
	GlobalSection(ProjectDependencies) = postSolution
	EndGlobalSection
	GlobalSection(ProjectConfiguration) = postSolution
		{7A9BE665-2557-4AB1-A37B-6365C45F318B}.Debug.ActiveCfg = Debug|Win32
		{7A9BE665-2557-4AB1-A37B-6365C45F318B}.Debug.Build.0 = Debug|Win32
		{7A9BE665-2557-4AB1-A37B-6365C45F318B}.Debug_China.ActiveCfg = Debug_China|Win32
		{7A9BE665-2557-4AB1-A37B-6365C45F318B}.Debug_China.Build.0 = Debug_China|Win32
		{7A9BE665-2557-4AB1-A37B-6365C45F318B}.Debug_Dev.ActiveCfg = Debug_Dev|Win32
		{7A9BE665-2557-4AB1-A37B-6365C45F318B}.Debug_Dev.Build.0 = Debug_Dev|Win32
		{7A9BE665-2557-4AB1-A37B-6365C45F318B}.Debug_English.ActiveCfg = Debug_English|Win32
		{7A9BE665-2557-4AB1-A37B-6365C45F318B}.Debug_English.Build.0 = Debug_English|Win32
		{7A9BE665-2557-4AB1-A37B-6365C45F318B}.Debug_EUROPE.ActiveCfg = Debug_EUROPE|Win32
		{7A9BE665-2557-4AB1-A37B-6365C45F318B}.Debug_EUROPE.Build.0 = Debug_EUROPE|Win32
		{7A9BE665-2557-4AB1-A37B-6365C45F318B}.Debug_Japan.ActiveCfg = Debug_Japan|Win32
		{7A9BE665-2557-4AB1-A37B-6365C45F318B}.Debug_Japan.Build.0 = Debug_Japan|Win32
		{7A9BE665-2557-4AB1-A37B-6365C45F318B}.Debug_Korea.ActiveCfg = Debug_Korea|Win32
		{7A9BE665-2557-4AB1-A37B-6365C45F318B}.Debug_Korea.Build.0 = Debug_Korea|Win32
		{7A9BE665-2557-4AB1-A37B-6365C45F318B}.Debug_N.ActiveCfg = Debug_N|Win32
		{7A9BE665-2557-4AB1-A37B-6365C45F318B}.Debug_NHNChina.ActiveCfg = Debug_NHNChina|Win32
		{7A9BE665-2557-4AB1-A37B-6365C45F318B}.Debug_NHNChina.Build.0 = Debug_NHNChina|Win32
		{7A9BE665-2557-4AB1-A37B-6365C45F318B}.Debug_Plus.ActiveCfg = Debug_Plus|Win32
		{7A9BE665-2557-4AB1-A37B-6365C45F318B}.Debug_Plus.Build.0 = Debug_Plus|Win32
		{7A9BE665-2557-4AB1-A37B-6365C45F318B}.Debug_Taiwan.ActiveCfg = Debug_Taiwan|Win32
		{7A9BE665-2557-4AB1-A37B-6365C45F318B}.Debug_Taiwan.Build.0 = Debug_Taiwan|Win32
		{7A9BE665-2557-4AB1-A37B-6365C45F318B}.Debug_USA.ActiveCfg = Debug_USA|Win32
		{7A9BE665-2557-4AB1-A37B-6365C45F318B}.Debug_USA.Build.0 = Debug_USA|Win32
		{7A9BE665-2557-4AB1-A37B-6365C45F318B}.Final Release.ActiveCfg = Final Release|Win32
		{7A9BE665-2557-4AB1-A37B-6365C45F318B}.Release.ActiveCfg = Release|Win32
		{7A9BE665-2557-4AB1-A37B-6365C45F318B}.Release.Build.0 = Release|Win32
		{7A9BE665-2557-4AB1-A37B-6365C45F318B}.Release_China.ActiveCfg = Release_China|Win32
		{7A9BE665-2557-4AB1-A37B-6365C45F318B}.Release_China.Build.0 = Release_China|Win32
		{7A9BE665-2557-4AB1-A37B-6365C45F318B}.Release_English.ActiveCfg = Release_English|Win32
		{7A9BE665-2557-4AB1-A37B-6365C45F318B}.Release_English.Build.0 = Release_English|Win32
		{7A9BE665-2557-4AB1-A37B-6365C45F318B}.Release_EUROPE.ActiveCfg = Release_EUROPE|Win32
		{7A9BE665-2557-4AB1-A37B-6365C45F318B}.Release_EUROPE.Build.0 = Release_EUROPE|Win32
		{7A9BE665-2557-4AB1-A37B-6365C45F318B}.Release_Goonzu.ActiveCfg = Release_Goonzu|Win32
		{7A9BE665-2557-4AB1-A37B-6365C45F318B}.Release_Japan.ActiveCfg = Release_Japan|Win32
		{7A9BE665-2557-4AB1-A37B-6365C45F318B}.Release_Japan.Build.0 = Release_Japan|Win32
		{7A9BE665-2557-4AB1-A37B-6365C45F318B}.Release_Japan_User_Test.ActiveCfg = Release_Japan_User_Test|Win32
		{7A9BE665-2557-4AB1-A37B-6365C45F318B}.Release_Japan_User_Test.Build.0 = Release_Japan_User_Test|Win32
		{7A9BE665-2557-4AB1-A37B-6365C45F318B}.Release_Korea.ActiveCfg = Release_Korea|Win32
		{7A9BE665-2557-4AB1-A37B-6365C45F318B}.Release_Korea.Build.0 = Release_Korea|Win32
		{7A9BE665-2557-4AB1-A37B-6365C45F318B}.Release_Netmarble.ActiveCfg = Release_Netmarble|Win32
		{7A9BE665-2557-4AB1-A37B-6365C45F318B}.Release_NHNChina.ActiveCfg = Release_NHNChina|Win32
		{7A9BE665-2557-4AB1-A37B-6365C45F318B}.Release_NHNChina.Build.0 = Release_NHNChina|Win32
		{7A9BE665-2557-4AB1-A37B-6365C45F318B}.Release_Plus.ActiveCfg = Release_Plus|Win32
		{7A9BE665-2557-4AB1-A37B-6365C45F318B}.Release_Plus.Build.0 = Release_Plus|Win32
		{7A9BE665-2557-4AB1-A37B-6365C45F318B}.Release_Taiwan.ActiveCfg = Release_Taiwan|Win32
		{7A9BE665-2557-4AB1-A37B-6365C45F318B}.Release_Taiwan.Build.0 = Release_Taiwan|Win32
		{7A9BE665-2557-4AB1-A37B-6365C45F318B}.Release_USA.ActiveCfg = Release_USA|Win32
		{7A9BE665-2557-4AB1-A37B-6365C45F318B}.Release_USA.Build.0 = Release_USA|Win32
		{7A9BE665-2557-4AB1-A37B-6365C45F318B}.ReleaseServer_China.ActiveCfg = ReleaseServer_China|Win32
		{7A9BE665-2557-4AB1-A37B-6365C45F318B}.ReleaseServer_China.Build.0 = ReleaseServer_China|Win32
		{7A9BE665-2557-4AB1-A37B-6365C45F318B}.ReleaseServer_English.ActiveCfg = ReleaseServer_English|Win32
		{7A9BE665-2557-4AB1-A37B-6365C45F318B}.ReleaseServer_English.Build.0 = ReleaseServer_English|Win32
		{7A9BE665-2557-4AB1-A37B-6365C45F318B}.ReleaseServer_EUROPE.ActiveCfg = ReleaseServer_EUROPE|Win32
		{7A9BE665-2557-4AB1-A37B-6365C45F318B}.ReleaseServer_EUROPE.Build.0 = ReleaseServer_EUROPE|Win32
		{7A9BE665-2557-4AB1-A37B-6365C45F318B}.ReleaseServer_Japan.ActiveCfg = ReleaseServer_Japan|Win32
		{7A9BE665-2557-4AB1-A37B-6365C45F318B}.ReleaseServer_Japan.Build.0 = ReleaseServer_Japan|Win32
		{7A9BE665-2557-4AB1-A37B-6365C45F318B}.ReleaseServer_Japan_User_Test.ActiveCfg = ReleaseServer_Japan_User_Test|Win32
		{7A9BE665-2557-4AB1-A37B-6365C45F318B}.ReleaseServer_Japan_User_Test.Build.0 = ReleaseServer_Japan_User_Test|Win32
		{7A9BE665-2557-4AB1-A37B-6365C45F318B}.ReleaseServer_Korea.ActiveCfg = ReleaseServer_Korea|Win32
		{7A9BE665-2557-4AB1-A37B-6365C45F318B}.ReleaseServer_Korea.Build.0 = ReleaseServer_Korea|Win32
		{7A9BE665-2557-4AB1-A37B-6365C45F318B}.ReleaseServer_NHNCHina.ActiveCfg = ReleaseServer_NHNCHina|Win32
		{7A9BE665-2557-4AB1-A37B-6365C45F318B}.ReleaseServer_NHNCHina.Build.0 = ReleaseServer_NHNCHina|Win32
		{7A9BE665-2557-4AB1-A37B-6365C45F318B}.ReleaseServer_Taiwan.ActiveCfg = ReleaseServer_Taiwan|Win32
		{7A9BE665-2557-4AB1-A37B-6365C45F318B}.ReleaseServer_Taiwan.Build.0 = ReleaseServer_Taiwan|Win32
		{7A9BE665-2557-4AB1-A37B-6365C45F318B}.ReleaseServer_USA.ActiveCfg = ReleaseServer_USA|Win32
		{7A9BE665-2557-4AB1-A37B-6365C45F318B}.ReleaseServer_USA.Build.0 = ReleaseServer_USA|Win32
		{7A9BE665-2557-4AB1-A37B-6365C45F318B}.ReleaseTestServer_Taiwan.ActiveCfg = ReleaseTestServer_Taiwan|Win32
		{7A9BE665-2557-4AB1-A37B-6365C45F318B}.ReleaseTestServer_Taiwan.Build.0 = ReleaseTestServer_Taiwan|Win32
		{7A9BE665-2557-4AB1-A37B-6365C45F318B}.ReleaseTestServer_USA.ActiveCfg = ReleaseTestServer_USA|Win32
		{7A9BE665-2557-4AB1-A37B-6365C45F318B}.ReleaseTestServer_USA.Build.0 = ReleaseTestServer_USA|Win32
		{A33D572B-78A7-4ECF-B839-BBC1AA217EAA}.Debug.ActiveCfg = Debug|Win32
		{A33D572B-78A7-4ECF-B839-BBC1AA217EAA}.Debug.Build.0 = Debug|Win32
		{A33D572B-78A7-4ECF-B839-BBC1AA217EAA}.Debug_China.ActiveCfg = Debug|Win32
		{A33D572B-78A7-4ECF-B839-BBC1AA217EAA}.Debug_China.Build.0 = Debug|Win32
		{A33D572B-78A7-4ECF-B839-BBC1AA217EAA}.Debug_Dev.ActiveCfg = Debug|Win32
		{A33D572B-78A7-4ECF-B839-BBC1AA217EAA}.Debug_Dev.Build.0 = Debug|Win32
		{A33D572B-78A7-4ECF-B839-BBC1AA217EAA}.Debug_English.ActiveCfg = Debug|Win32
		{A33D572B-78A7-4ECF-B839-BBC1AA217EAA}.Debug_English.Build.0 = Debug|Win32
		{A33D572B-78A7-4ECF-B839-BBC1AA217EAA}.Debug_EUROPE.ActiveCfg = Debug|Win32
		{A33D572B-78A7-4ECF-B839-BBC1AA217EAA}.Debug_EUROPE.Build.0 = Debug|Win32
		{A33D572B-78A7-4ECF-B839-BBC1AA217EAA}.Debug_Japan.ActiveCfg = Debug|Win32
		{A33D572B-78A7-4ECF-B839-BBC1AA217EAA}.Debug_Japan.Build.0 = Debug|Win32
		{A33D572B-78A7-4ECF-B839-BBC1AA217EAA}.Debug_Korea.ActiveCfg = Debug|Win32
		{A33D572B-78A7-4ECF-B839-BBC1AA217EAA}.Debug_Korea.Build.0 = Debug|Win32
		{A33D572B-78A7-4ECF-B839-BBC1AA217EAA}.Debug_N.ActiveCfg = Debug|Win32
		{A33D572B-78A7-4ECF-B839-BBC1AA217EAA}.Debug_NHNChina.ActiveCfg = Debug|Win32
		{A33D572B-78A7-4ECF-B839-BBC1AA217EAA}.Debug_NHNChina.Build.0 = Debug|Win32
		{A33D572B-78A7-4ECF-B839-BBC1AA217EAA}.Debug_Plus.ActiveCfg = Debug|Win32
		{A33D572B-78A7-4ECF-B839-BBC1AA217EAA}.Debug_Plus.Build.0 = Debug|Win32
		{A33D572B-78A7-4ECF-B839-BBC1AA217EAA}.Debug_Taiwan.ActiveCfg = Debug|Win32
		{A33D572B-78A7-4ECF-B839-BBC1AA217EAA}.Debug_Taiwan.Build.0 = Debug|Win32
		{A33D572B-78A7-4ECF-B839-BBC1AA217EAA}.Debug_USA.ActiveCfg = Debug|Win32
		{A33D572B-78A7-4ECF-B839-BBC1AA217EAA}.Debug_USA.Build.0 = Debug|Win32
		{A33D572B-78A7-4ECF-B839-BBC1AA217EAA}.Final Release.ActiveCfg = Release|Win32
		{A33D572B-78A7-4ECF-B839-BBC1AA217EAA}.Release.ActiveCfg = Release|Win32
		{A33D572B-78A7-4ECF-B839-BBC1AA217EAA}.Release.Build.0 = Release|Win32
		{A33D572B-78A7-4ECF-B839-BBC1AA217EAA}.Release_China.ActiveCfg = Release|Win32
		{A33D572B-78A7-4ECF-B839-BBC1AA217EAA}.Release_China.Build.0 = Release|Win32
		{A33D572B-78A7-4ECF-B839-BBC1AA217EAA}.Release_English.ActiveCfg = Release|Win32
		{A33D572B-78A7-4ECF-B839-BBC1AA217EAA}.Release_English.Build.0 = Release|Win32
		{A33D572B-78A7-4ECF-B839-BBC1AA217EAA}.Release_EUROPE.ActiveCfg = Release|Win32
		{A33D572B-78A7-4ECF-B839-BBC1AA217EAA}.Release_EUROPE.Build.0 = Release|Win32
		{A33D572B-78A7-4ECF-B839-BBC1AA217EAA}.Release_Goonzu.ActiveCfg = Release_EUROPE|Win32
		{A33D572B-78A7-4ECF-B839-BBC1AA217EAA}.Release_Japan.ActiveCfg = Release|Win32
		{A33D572B-78A7-4ECF-B839-BBC1AA217EAA}.Release_Japan.Build.0 = Release|Win32
		{A33D572B-78A7-4ECF-B839-BBC1AA217EAA}.Release_Japan_User_Test.ActiveCfg = Release_Japan_User_Test|Win32
		{A33D572B-78A7-4ECF-B839-BBC1AA217EAA}.Release_Japan_User_Test.Build.0 = Release_Japan_User_Test|Win32
		{A33D572B-78A7-4ECF-B839-BBC1AA217EAA}.Release_Korea.ActiveCfg = Release|Win32
		{A33D572B-78A7-4ECF-B839-BBC1AA217EAA}.Release_Korea.Build.0 = Release|Win32
		{A33D572B-78A7-4ECF-B839-BBC1AA217EAA}.Release_Netmarble.ActiveCfg = Release_EUROPE|Win32
		{A33D572B-78A7-4ECF-B839-BBC1AA217EAA}.Release_NHNChina.ActiveCfg = Release_NHNChina|Win32
		{A33D572B-78A7-4ECF-B839-BBC1AA217EAA}.Release_NHNChina.Build.0 = Release_NHNChina|Win32
		{A33D572B-78A7-4ECF-B839-BBC1AA217EAA}.Release_Plus.ActiveCfg = Release|Win32
		{A33D572B-78A7-4ECF-B839-BBC1AA217EAA}.Release_Plus.Build.0 = Release|Win32
		{A33D572B-78A7-4ECF-B839-BBC1AA217EAA}.Release_Taiwan.ActiveCfg = Release|Win32
		{A33D572B-78A7-4ECF-B839-BBC1AA217EAA}.Release_Taiwan.Build.0 = Release|Win32
		{A33D572B-78A7-4ECF-B839-BBC1AA217EAA}.Release_USA.ActiveCfg = Release|Win32
		{A33D572B-78A7-4ECF-B839-BBC1AA217EAA}.Release_USA.Build.0 = Release|Win32
		{A33D572B-78A7-4ECF-B839-BBC1AA217EAA}.ReleaseServer_China.ActiveCfg = Release|Win32
		{A33D572B-78A7-4ECF-B839-BBC1AA217EAA}.ReleaseServer_China.Build.0 = Release|Win32
		{A33D572B-78A7-4ECF-B839-BBC1AA217EAA}.ReleaseServer_English.ActiveCfg = Release|Win32
		{A33D572B-78A7-4ECF-B839-BBC1AA217EAA}.ReleaseServer_English.Build.0 = Release|Win32
		{A33D572B-78A7-4ECF-B839-BBC1AA217EAA}.ReleaseServer_EUROPE.ActiveCfg = Release|Win32
		{A33D572B-78A7-4ECF-B839-BBC1AA217EAA}.ReleaseServer_EUROPE.Build.0 = Release|Win32
		{A33D572B-78A7-4ECF-B839-BBC1AA217EAA}.ReleaseServer_Japan.ActiveCfg = Release|Win32
		{A33D572B-78A7-4ECF-B839-BBC1AA217EAA}.ReleaseServer_Japan.Build.0 = Release|Win32
		{A33D572B-78A7-4ECF-B839-BBC1AA217EAA}.ReleaseServer_Japan_User_Test.ActiveCfg = ReleaseServer_Japan_User_Test|Win32
		{A33D572B-78A7-4ECF-B839-BBC1AA217EAA}.ReleaseServer_Japan_User_Test.Build.0 = ReleaseServer_Japan_User_Test|Win32
		{A33D572B-78A7-4ECF-B839-BBC1AA217EAA}.ReleaseServer_Korea.ActiveCfg = Release|Win32
		{A33D572B-78A7-4ECF-B839-BBC1AA217EAA}.ReleaseServer_Korea.Build.0 = Release|Win32
		{A33D572B-78A7-4ECF-B839-BBC1AA217EAA}.ReleaseServer_NHNCHina.ActiveCfg = ReleaseServer_NHNCHina|Win32
		{A33D572B-78A7-4ECF-B839-BBC1AA217EAA}.ReleaseServer_NHNCHina.Build.0 = ReleaseServer_NHNCHina|Win32
		{A33D572B-78A7-4ECF-B839-BBC1AA217EAA}.ReleaseServer_Taiwan.ActiveCfg = Release|Win32
		{A33D572B-78A7-4ECF-B839-BBC1AA217EAA}.ReleaseServer_Taiwan.Build.0 = Release|Win32
		{A33D572B-78A7-4ECF-B839-BBC1AA217EAA}.ReleaseServer_USA.ActiveCfg = Release|Win32
		{A33D572B-78A7-4ECF-B839-BBC1AA217EAA}.ReleaseServer_USA.Build.0 = Release|Win32
		{A33D572B-78A7-4ECF-B839-BBC1AA217EAA}.ReleaseTestServer_Taiwan.ActiveCfg = Release|Win32
		{A33D572B-78A7-4ECF-B839-BBC1AA217EAA}.ReleaseTestServer_Taiwan.Build.0 = Release|Win32
		{A33D572B-78A7-4ECF-B839-BBC1AA217EAA}.ReleaseTestServer_USA.ActiveCfg = Release|Win32
		{A33D572B-78A7-4ECF-B839-BBC1AA217EAA}.ReleaseTestServer_USA.Build.0 = Release|Win32
		{0B346DBB-39BE-46B0-A313-23FC19305AC8}.Debug.ActiveCfg = Debug|Win32
		{0B346DBB-39BE-46B0-A313-23FC19305AC8}.Debug.Build.0 = Debug|Win32
		{0B346DBB-39BE-46B0-A313-23FC19305AC8}.Debug_China.ActiveCfg = Debug|Win32
		{0B346DBB-39BE-46B0-A313-23FC19305AC8}.Debug_China.Build.0 = Debug|Win32
		{0B346DBB-39BE-46B0-A313-23FC19305AC8}.Debug_Dev.ActiveCfg = Debug|Win32
		{0B346DBB-39BE-46B0-A313-23FC19305AC8}.Debug_Dev.Build.0 = Debug|Win32
		{0B346DBB-39BE-46B0-A313-23FC19305AC8}.Debug_English.ActiveCfg = Debug|Win32
		{0B346DBB-39BE-46B0-A313-23FC19305AC8}.Debug_English.Build.0 = Debug|Win32
		{0B346DBB-39BE-46B0-A313-23FC19305AC8}.Debug_EUROPE.ActiveCfg = Debug|Win32
		{0B346DBB-39BE-46B0-A313-23FC19305AC8}.Debug_EUROPE.Build.0 = Debug|Win32
		{0B346DBB-39BE-46B0-A313-23FC19305AC8}.Debug_Japan.ActiveCfg = Debug|Win32
		{0B346DBB-39BE-46B0-A313-23FC19305AC8}.Debug_Japan.Build.0 = Debug|Win32
		{0B346DBB-39BE-46B0-A313-23FC19305AC8}.Debug_Korea.ActiveCfg = Debug|Win32
		{0B346DBB-39BE-46B0-A313-23FC19305AC8}.Debug_Korea.Build.0 = Debug|Win32
		{0B346DBB-39BE-46B0-A313-23FC19305AC8}.Debug_N.ActiveCfg = Debug|Win32
		{0B346DBB-39BE-46B0-A313-23FC19305AC8}.Debug_NHNChina.ActiveCfg = Debug|Win32
		{0B346DBB-39BE-46B0-A313-23FC19305AC8}.Debug_NHNChina.Build.0 = Debug|Win32
		{0B346DBB-39BE-46B0-A313-23FC19305AC8}.Debug_Plus.ActiveCfg = Debug|Win32
		{0B346DBB-39BE-46B0-A313-23FC19305AC8}.Debug_Plus.Build.0 = Debug|Win32
		{0B346DBB-39BE-46B0-A313-23FC19305AC8}.Debug_Taiwan.ActiveCfg = Debug|Win32
		{0B346DBB-39BE-46B0-A313-23FC19305AC8}.Debug_Taiwan.Build.0 = Debug|Win32
		{0B346DBB-39BE-46B0-A313-23FC19305AC8}.Debug_USA.ActiveCfg = Debug|Win32
		{0B346DBB-39BE-46B0-A313-23FC19305AC8}.Debug_USA.Build.0 = Debug|Win32
		{0B346DBB-39BE-46B0-A313-23FC19305AC8}.Final Release.ActiveCfg = Release|Win32
		{0B346DBB-39BE-46B0-A313-23FC19305AC8}.Release.ActiveCfg = Release|Win32
		{0B346DBB-39BE-46B0-A313-23FC19305AC8}.Release.Build.0 = Release|Win32
		{0B346DBB-39BE-46B0-A313-23FC19305AC8}.Release_China.ActiveCfg = Release|Win32
		{0B346DBB-39BE-46B0-A313-23FC19305AC8}.Release_China.Build.0 = Release|Win32
		{0B346DBB-39BE-46B0-A313-23FC19305AC8}.Release_English.ActiveCfg = Release|Win32
		{0B346DBB-39BE-46B0-A313-23FC19305AC8}.Release_English.Build.0 = Release|Win32
		{0B346DBB-39BE-46B0-A313-23FC19305AC8}.Release_EUROPE.ActiveCfg = Release|Win32
		{0B346DBB-39BE-46B0-A313-23FC19305AC8}.Release_EUROPE.Build.0 = Release|Win32
		{0B346DBB-39BE-46B0-A313-23FC19305AC8}.Release_Goonzu.ActiveCfg = Release_EUROPE|Win32
		{0B346DBB-39BE-46B0-A313-23FC19305AC8}.Release_Japan.ActiveCfg = Release|Win32
		{0B346DBB-39BE-46B0-A313-23FC19305AC8}.Release_Japan.Build.0 = Release|Win32
		{0B346DBB-39BE-46B0-A313-23FC19305AC8}.Release_Japan_User_Test.ActiveCfg = Release_Japan_User_Test|Win32
		{0B346DBB-39BE-46B0-A313-23FC19305AC8}.Release_Japan_User_Test.Build.0 = Release_Japan_User_Test|Win32
		{0B346DBB-39BE-46B0-A313-23FC19305AC8}.Release_Korea.ActiveCfg = Release|Win32
		{0B346DBB-39BE-46B0-A313-23FC19305AC8}.Release_Korea.Build.0 = Release|Win32
		{0B346DBB-39BE-46B0-A313-23FC19305AC8}.Release_Netmarble.ActiveCfg = Release_EUROPE|Win32
		{0B346DBB-39BE-46B0-A313-23FC19305AC8}.Release_NHNChina.ActiveCfg = Release_NHNChina|Win32
		{0B346DBB-39BE-46B0-A313-23FC19305AC8}.Release_NHNChina.Build.0 = Release_NHNChina|Win32
		{0B346DBB-39BE-46B0-A313-23FC19305AC8}.Release_Plus.ActiveCfg = Release|Win32
		{0B346DBB-39BE-46B0-A313-23FC19305AC8}.Release_Plus.Build.0 = Release|Win32
		{0B346DBB-39BE-46B0-A313-23FC19305AC8}.Release_Taiwan.ActiveCfg = Release|Win32
		{0B346DBB-39BE-46B0-A313-23FC19305AC8}.Release_Taiwan.Build.0 = Release|Win32
		{0B346DBB-39BE-46B0-A313-23FC19305AC8}.Release_USA.ActiveCfg = Release|Win32
		{0B346DBB-39BE-46B0-A313-23FC19305AC8}.Release_USA.Build.0 = Release|Win32
		{0B346DBB-39BE-46B0-A313-23FC19305AC8}.ReleaseServer_China.ActiveCfg = Release|Win32
		{0B346DBB-39BE-46B0-A313-23FC19305AC8}.ReleaseServer_China.Build.0 = Release|Win32
		{0B346DBB-39BE-46B0-A313-23FC19305AC8}.ReleaseServer_English.ActiveCfg = Release|Win32
		{0B346DBB-39BE-46B0-A313-23FC19305AC8}.ReleaseServer_English.Build.0 = Release|Win32
		{0B346DBB-39BE-46B0-A313-23FC19305AC8}.ReleaseServer_EUROPE.ActiveCfg = Release|Win32
		{0B346DBB-39BE-46B0-A313-23FC19305AC8}.ReleaseServer_EUROPE.Build.0 = Release|Win32
		{0B346DBB-39BE-46B0-A313-23FC19305AC8}.ReleaseServer_Japan.ActiveCfg = Release|Win32
		{0B346DBB-39BE-46B0-A313-23FC19305AC8}.ReleaseServer_Japan.Build.0 = Release|Win32
		{0B346DBB-39BE-46B0-A313-23FC19305AC8}.ReleaseServer_Japan_User_Test.ActiveCfg = ReleaseServer_Japan_User_Test|Win32
		{0B346DBB-39BE-46B0-A313-23FC19305AC8}.ReleaseServer_Japan_User_Test.Build.0 = ReleaseServer_Japan_User_Test|Win32
		{0B346DBB-39BE-46B0-A313-23FC19305AC8}.ReleaseServer_Korea.ActiveCfg = Release|Win32
		{0B346DBB-39BE-46B0-A313-23FC19305AC8}.ReleaseServer_Korea.Build.0 = Release|Win32
		{0B346DBB-39BE-46B0-A313-23FC19305AC8}.ReleaseServer_NHNCHina.ActiveCfg = ReleaseServer_NHNCHina|Win32
		{0B346DBB-39BE-46B0-A313-23FC19305AC8}.ReleaseServer_NHNCHina.Build.0 = ReleaseServer_NHNCHina|Win32
		{0B346DBB-39BE-46B0-A313-23FC19305AC8}.ReleaseServer_Taiwan.ActiveCfg = Release|Win32
		{0B346DBB-39BE-46B0-A313-23FC19305AC8}.ReleaseServer_Taiwan.Build.0 = Release|Win32
		{0B346DBB-39BE-46B0-A313-23FC19305AC8}.ReleaseServer_USA.ActiveCfg = Release|Win32
		{0B346DBB-39BE-46B0-A313-23FC19305AC8}.ReleaseServer_USA.Build.0 = Release|Win32
		{0B346DBB-39BE-46B0-A313-23FC19305AC8}.ReleaseTestServer_Taiwan.ActiveCfg = Release|Win32
		{0B346DBB-39BE-46B0-A313-23FC19305AC8}.ReleaseTestServer_Taiwan.Build.0 = Release|Win32
		{0B346DBB-39BE-46B0-A313-23FC19305AC8}.ReleaseTestServer_USA.ActiveCfg = Release|Win32
		{0B346DBB-39BE-46B0-A313-23FC19305AC8}.ReleaseTestServer_USA.Build.0 = Release|Win32
		{25B9E0DD-E4B1-4EB0-BD12-E0CD3BBCF97F}.Debug.ActiveCfg = Debug|Win32
		{25B9E0DD-E4B1-4EB0-BD12-E0CD3BBCF97F}.Debug.Build.0 = Debug|Win32
		{25B9E0DD-E4B1-4EB0-BD12-E0CD3BBCF97F}.Debug_China.ActiveCfg = Debug|Win32
		{25B9E0DD-E4B1-4EB0-BD12-E0CD3BBCF97F}.Debug_China.Build.0 = Debug|Win32
		{25B9E0DD-E4B1-4EB0-BD12-E0CD3BBCF97F}.Debug_Dev.ActiveCfg = Debug|Win32
		{25B9E0DD-E4B1-4EB0-BD12-E0CD3BBCF97F}.Debug_Dev.Build.0 = Debug|Win32
		{25B9E0DD-E4B1-4EB0-BD12-E0CD3BBCF97F}.Debug_English.ActiveCfg = Debug|Win32
		{25B9E0DD-E4B1-4EB0-BD12-E0CD3BBCF97F}.Debug_English.Build.0 = Debug|Win32
		{25B9E0DD-E4B1-4EB0-BD12-E0CD3BBCF97F}.Debug_EUROPE.ActiveCfg = Debug|Win32
		{25B9E0DD-E4B1-4EB0-BD12-E0CD3BBCF97F}.Debug_EUROPE.Build.0 = Debug|Win32
		{25B9E0DD-E4B1-4EB0-BD12-E0CD3BBCF97F}.Debug_Japan.ActiveCfg = Debug|Win32
		{25B9E0DD-E4B1-4EB0-BD12-E0CD3BBCF97F}.Debug_Japan.Build.0 = Debug|Win32
		{25B9E0DD-E4B1-4EB0-BD12-E0CD3BBCF97F}.Debug_Korea.ActiveCfg = Debug|Win32
		{25B9E0DD-E4B1-4EB0-BD12-E0CD3BBCF97F}.Debug_Korea.Build.0 = Debug|Win32
		{25B9E0DD-E4B1-4EB0-BD12-E0CD3BBCF97F}.Debug_N.ActiveCfg = Debug|Win32
		{25B9E0DD-E4B1-4EB0-BD12-E0CD3BBCF97F}.Debug_N.Build.0 = Debug|Win32
		{25B9E0DD-E4B1-4EB0-BD12-E0CD3BBCF97F}.Debug_NHNChina.ActiveCfg = Debug|Win32
		{25B9E0DD-E4B1-4EB0-BD12-E0CD3BBCF97F}.Debug_NHNChina.Build.0 = Debug|Win32
		{25B9E0DD-E4B1-4EB0-BD12-E0CD3BBCF97F}.Debug_Plus.ActiveCfg = Debug|Win32
		{25B9E0DD-E4B1-4EB0-BD12-E0CD3BBCF97F}.Debug_Plus.Build.0 = Debug|Win32
		{25B9E0DD-E4B1-4EB0-BD12-E0CD3BBCF97F}.Debug_Taiwan.ActiveCfg = Debug|Win32
		{25B9E0DD-E4B1-4EB0-BD12-E0CD3BBCF97F}.Debug_Taiwan.Build.0 = Debug|Win32
		{25B9E0DD-E4B1-4EB0-BD12-E0CD3BBCF97F}.Debug_USA.ActiveCfg = Debug|Win32
		{25B9E0DD-E4B1-4EB0-BD12-E0CD3BBCF97F}.Debug_USA.Build.0 = Debug|Win32
		{25B9E0DD-E4B1-4EB0-BD12-E0CD3BBCF97F}.Final Release.ActiveCfg = Release|Win32
		{25B9E0DD-E4B1-4EB0-BD12-E0CD3BBCF97F}.Final Release.Build.0 = Release|Win32
		{25B9E0DD-E4B1-4EB0-BD12-E0CD3BBCF97F}.Release.ActiveCfg = Release|Win32
		{25B9E0DD-E4B1-4EB0-BD12-E0CD3BBCF97F}.Release.Build.0 = Release|Win32
		{25B9E0DD-E4B1-4EB0-BD12-E0CD3BBCF97F}.Release_China.ActiveCfg = Release|Win32
		{25B9E0DD-E4B1-4EB0-BD12-E0CD3BBCF97F}.Release_China.Build.0 = Release|Win32
		{25B9E0DD-E4B1-4EB0-BD12-E0CD3BBCF97F}.Release_English.ActiveCfg = Release|Win32
		{25B9E0DD-E4B1-4EB0-BD12-E0CD3BBCF97F}.Release_English.Build.0 = Release|Win32
		{25B9E0DD-E4B1-4EB0-BD12-E0CD3BBCF97F}.Release_EUROPE.ActiveCfg = Release|Win32
		{25B9E0DD-E4B1-4EB0-BD12-E0CD3BBCF97F}.Release_EUROPE.Build.0 = Release|Win32
		{25B9E0DD-E4B1-4EB0-BD12-E0CD3BBCF97F}.Release_Goonzu.ActiveCfg = Release|Win32
		{25B9E0DD-E4B1-4EB0-BD12-E0CD3BBCF97F}.Release_Goonzu.Build.0 = Release|Win32
		{25B9E0DD-E4B1-4EB0-BD12-E0CD3BBCF97F}.Release_Japan.ActiveCfg = Release|Win32
		{25B9E0DD-E4B1-4EB0-BD12-E0CD3BBCF97F}.Release_Japan.Build.0 = Release|Win32
		{25B9E0DD-E4B1-4EB0-BD12-E0CD3BBCF97F}.Release_Japan_User_Test.ActiveCfg = Release|Win32
		{25B9E0DD-E4B1-4EB0-BD12-E0CD3BBCF97F}.Release_Japan_User_Test.Build.0 = Release|Win32
		{25B9E0DD-E4B1-4EB0-BD12-E0CD3BBCF97F}.Release_Korea.ActiveCfg = Release|Win32
		{25B9E0DD-E4B1-4EB0-BD12-E0CD3BBCF97F}.Release_Korea.Build.0 = Release|Win32
		{25B9E0DD-E4B1-4EB0-BD12-E0CD3BBCF97F}.Release_Netmarble.ActiveCfg = Release|Win32
		{25B9E0DD-E4B1-4EB0-BD12-E0CD3BBCF97F}.Release_Netmarble.Build.0 = Release|Win32
		{25B9E0DD-E4B1-4EB0-BD12-E0CD3BBCF97F}.Release_NHNChina.ActiveCfg = Release|Win32
		{25B9E0DD-E4B1-4EB0-BD12-E0CD3BBCF97F}.Release_NHNChina.Build.0 = Release|Win32
		{25B9E0DD-E4B1-4EB0-BD12-E0CD3BBCF97F}.Release_Plus.ActiveCfg = Release|Win32
		{25B9E0DD-E4B1-4EB0-BD12-E0CD3BBCF97F}.Release_Plus.Build.0 = Release|Win32
		{25B9E0DD-E4B1-4EB0-BD12-E0CD3BBCF97F}.Release_Taiwan.ActiveCfg = Release|Win32
		{25B9E0DD-E4B1-4EB0-BD12-E0CD3BBCF97F}.Release_Taiwan.Build.0 = Release|Win32
		{25B9E0DD-E4B1-4EB0-BD12-E0CD3BBCF97F}.Release_USA.ActiveCfg = Release|Win32
		{25B9E0DD-E4B1-4EB0-BD12-E0CD3BBCF97F}.Release_USA.Build.0 = Release|Win32
		{25B9E0DD-E4B1-4EB0-BD12-E0CD3BBCF97F}.ReleaseServer_China.ActiveCfg = Release|Win32
		{25B9E0DD-E4B1-4EB0-BD12-E0CD3BBCF97F}.ReleaseServer_China.Build.0 = Release|Win32
		{25B9E0DD-E4B1-4EB0-BD12-E0CD3BBCF97F}.ReleaseServer_English.ActiveCfg = Release|Win32
		{25B9E0DD-E4B1-4EB0-BD12-E0CD3BBCF97F}.ReleaseServer_English.Build.0 = Release|Win32
		{25B9E0DD-E4B1-4EB0-BD12-E0CD3BBCF97F}.ReleaseServer_EUROPE.ActiveCfg = Release|Win32
		{25B9E0DD-E4B1-4EB0-BD12-E0CD3BBCF97F}.ReleaseServer_EUROPE.Build.0 = Release|Win32
		{25B9E0DD-E4B1-4EB0-BD12-E0CD3BBCF97F}.ReleaseServer_Japan.ActiveCfg = Release|Win32
		{25B9E0DD-E4B1-4EB0-BD12-E0CD3BBCF97F}.ReleaseServer_Japan.Build.0 = Release|Win32
		{25B9E0DD-E4B1-4EB0-BD12-E0CD3BBCF97F}.ReleaseServer_Japan_User_Test.ActiveCfg = Release|Win32
		{25B9E0DD-E4B1-4EB0-BD12-E0CD3BBCF97F}.ReleaseServer_Japan_User_Test.Build.0 = Release|Win32
		{25B9E0DD-E4B1-4EB0-BD12-E0CD3BBCF97F}.ReleaseServer_Korea.ActiveCfg = Release|Win32
		{25B9E0DD-E4B1-4EB0-BD12-E0CD3BBCF97F}.ReleaseServer_Korea.Build.0 = Release|Win32
		{25B9E0DD-E4B1-4EB0-BD12-E0CD3BBCF97F}.ReleaseServer_NHNCHina.ActiveCfg = Release|Win32
		{25B9E0DD-E4B1-4EB0-BD12-E0CD3BBCF97F}.ReleaseServer_NHNCHina.Build.0 = Release|Win32
		{25B9E0DD-E4B1-4EB0-BD12-E0CD3BBCF97F}.ReleaseServer_Taiwan.ActiveCfg = Release|Win32
		{25B9E0DD-E4B1-4EB0-BD12-E0CD3BBCF97F}.ReleaseServer_Taiwan.Build.0 = Release|Win32
		{25B9E0DD-E4B1-4EB0-BD12-E0CD3BBCF97F}.ReleaseServer_USA.ActiveCfg = Release|Win32
		{25B9E0DD-E4B1-4EB0-BD12-E0CD3BBCF97F}.ReleaseServer_USA.Build.0 = Release|Win32
		{25B9E0DD-E4B1-4EB0-BD12-E0CD3BBCF97F}.ReleaseTestServer_Taiwan.ActiveCfg = Release|Win32
		{25B9E0DD-E4B1-4EB0-BD12-E0CD3BBCF97F}.ReleaseTestServer_Taiwan.Build.0 = Release|Win32
		{25B9E0DD-E4B1-4EB0-BD12-E0CD3BBCF97F}.ReleaseTestServer_USA.ActiveCfg = Release|Win32
		{25B9E0DD-E4B1-4EB0-BD12-E0CD3BBCF97F}.ReleaseTestServer_USA.Build.0 = Release|Win32
	EndGlobalSection
	GlobalSection(ExtensibilityGlobals) = postSolution
	EndGlobalSection
	GlobalSection(ExtensibilityAddIns) = postSolution
	EndGlobalSection
EndGlobal
