<?xml version="1.0" encoding="utf-8"?>
<Project ToolsVersion="4.0" xmlns="http://schemas.microsoft.com/developer/msbuild/2003">
  <ItemGroup>
    <Filter Include="Source Files">
      <UniqueIdentifier>{c6302b37-d754-4f1f-aa43-4757248d18c3}</UniqueIdentifier>
      <Extensions>cpp;c;cxx;rc;def;r;odl;idl;hpj;bat</Extensions>
    </Filter>
    <Filter Include="Header Files">
      <UniqueIdentifier>{f569ec77-cd13-4a24-adac-1965c302927d}</UniqueIdentifier>
      <Extensions>h;hpp;hxx;hm;inl</Extensions>
    </Filter>
    <Filter Include="Resource Files">
      <UniqueIdentifier>{76c2da99-82be-4ffa-b5a7-f18a39cfbe54}</UniqueIdentifier>
      <Extensions>ico;cur;bmp;dlg;rc2;rct;bin;rgs;gif;jpg;jpeg;jpe</Extensions>
    </Filter>
    <Filter Include="ITZNetLib">
      <UniqueIdentifier>{0be2d25c-2b67-4977-9b31-88ede4baa84a}</UniqueIdentifier>
    </Filter>
    <Filter Include="ITZNetLib\libLZF">
      <UniqueIdentifier>{73b97a40-632f-4551-973c-456d4852ff0a}</UniqueIdentifier>
    </Filter>
    <Filter Include="NLib">
      <UniqueIdentifier>{50f32072-226e-484e-9476-daee007e5166}</UniqueIdentifier>
    </Filter>
    <Filter Include="Dlg">
      <UniqueIdentifier>{e6c51514-e296-4b8c-a46b-95df9129ec9e}</UniqueIdentifier>
    </Filter>
    <Filter Include="Control">
      <UniqueIdentifier>{b8136af8-73fb-438f-88d7-6cf0485e3886}</UniqueIdentifier>
    </Filter>
    <Filter Include="Lib">
      <UniqueIdentifier>{2847c954-c7f2-43a6-8485-cd00ba7a1476}</UniqueIdentifier>
    </Filter>
  </ItemGroup>
  <ItemGroup>
    <ClCompile Include="GMOrderLogManager.cpp">
      <Filter>Source Files</Filter>
    </ClCompile>
    <ClCompile Include="GoonZuMC.cpp">
      <Filter>Source Files</Filter>
    </ClCompile>
    <ClCompile Include="..\..\Server\FrontServer\Log.cpp">
      <Filter>Source Files</Filter>
    </ClCompile>
    <ClCompile Include="MasterProcess.cpp">
      <Filter>Source Files</Filter>
    </ClCompile>
    <ClCompile Include="..\MasterServer\ServerInfo.cpp">
      <Filter>Source Files</Filter>
    </ClCompile>
    <ClCompile Include="StatisticsData.cpp">
      <Filter>Source Files</Filter>
    </ClCompile>
    <ClCompile Include="StdAfx.cpp">
      <Filter>Source Files</Filter>
    </ClCompile>
    <ClCompile Include="..\..\NetworkLib\itznetlib\ITZCell.cpp">
      <Filter>ITZNetLib</Filter>
    </ClCompile>
    <ClCompile Include="..\..\NetworkLib\itznetlib\ITZEncrypt.cpp">
      <Filter>ITZNetLib</Filter>
    </ClCompile>
    <ClCompile Include="..\..\NetworkLib\itznetlib\ITZListen.cpp">
      <Filter>ITZNetLib</Filter>
    </ClCompile>
    <ClCompile Include="..\..\NetworkLib\itznetlib\ITZMap.cpp">
      <Filter>ITZNetLib</Filter>
    </ClCompile>
    <ClCompile Include="..\..\NetworkLib\itznetlib\ITZNetIOCP.cpp">
      <Filter>ITZNetLib</Filter>
    </ClCompile>
    <ClCompile Include="..\..\NetworkLib\itznetlib\ITZNetOverlapped.cpp">
      <Filter>ITZNetLib</Filter>
    </ClCompile>
    <ClCompile Include="..\..\NetworkLib\itznetlib\ITZNetworkThread.cpp">
      <Filter>ITZNetLib</Filter>
    </ClCompile>
    <ClCompile Include="..\..\NetworkLib\itznetlib\ITZPerson.cpp">
      <Filter>ITZNetLib</Filter>
    </ClCompile>
    <ClCompile Include="..\..\NetworkLib\itznetlib\ITZQList.cpp">
      <Filter>ITZNetLib</Filter>
    </ClCompile>
    <ClCompile Include="..\..\NetworkLib\itznetlib\ITZRecvBuffer.cpp">
      <Filter>ITZNetLib</Filter>
    </ClCompile>
    <ClCompile Include="..\..\NetworkLib\itznetlib\ITZSendBuffer.cpp">
      <Filter>ITZNetLib</Filter>
    </ClCompile>
    <ClCompile Include="..\..\NetworkLib\itznetlib\ITZServer.cpp">
      <Filter>ITZNetLib</Filter>
    </ClCompile>
    <ClCompile Include="..\..\NetworkLib\itznetlib\ITZSession.cpp">
      <Filter>ITZNetLib</Filter>
    </ClCompile>
    <ClCompile Include="..\..\NetworkLib\itznetlib\ITZSessionManager.cpp">
      <Filter>ITZNetLib</Filter>
    </ClCompile>
    <ClCompile Include="..\..\NetworkLib\itznetlib\ITZWorld.cpp">
      <Filter>ITZNetLib</Filter>
    </ClCompile>
    <ClCompile Include="..\..\NetworkLib\ITZNetLib\NLZF.cpp">
      <Filter>ITZNetLib</Filter>
    </ClCompile>
    <ClCompile Include="..\..\NetworkLib\ITZNetLib\libLZF\lzf_c.c">
      <Filter>ITZNetLib\libLZF</Filter>
    </ClCompile>
    <ClCompile Include="..\..\NetworkLib\ITZNetLib\libLZF\lzf_d.c">
      <Filter>ITZNetLib\libLZF</Filter>
    </ClCompile>
    <ClCompile Include="..\..\NLib\NDataLoader.cpp">
      <Filter>NLib</Filter>
    </ClCompile>
    <ClCompile Include="..\..\NLib\NDataTypes.cpp">
      <Filter>NLib</Filter>
    </ClCompile>
    <ClCompile Include="..\..\NLib\NDate.cpp">
      <Filter>NLib</Filter>
    </ClCompile>
    <ClCompile Include="..\..\NLib\NDIB.cpp">
      <Filter>NLib</Filter>
    </ClCompile>
    <ClCompile Include="..\..\NLib\NDraw.cpp">
      <Filter>NLib</Filter>
    </ClCompile>
    <ClCompile Include="..\..\NLib\NDraw_PutSpr16T.cpp">
      <Filter>NLib</Filter>
    </ClCompile>
    <ClCompile Include="..\..\NLib\NFile.cpp">
      <Filter>NLib</Filter>
    </ClCompile>
    <ClCompile Include="..\..\NLib\NGrp_PutSpr16T.cpp">
      <Filter>NLib</Filter>
    </ClCompile>
    <ClCompile Include="..\..\NLib\NMsgShareBuffer.cpp">
      <Filter>NLib</Filter>
    </ClCompile>
    <ClCompile Include="..\..\NLib\NSpr.cpp">
      <Filter>NLib</Filter>
    </ClCompile>
    <ClCompile Include="..\..\NLib\NTextManager.cpp">
      <Filter>NLib</Filter>
    </ClCompile>
    <ClCompile Include="..\..\NLib\NTimer.cpp">
      <Filter>NLib</Filter>
    </ClCompile>
    <ClCompile Include="..\..\NLib\NUtil.cpp">
      <Filter>NLib</Filter>
    </ClCompile>
    <ClCompile Include="..\..\NLib\TSpr.cpp">
      <Filter>NLib</Filter>
    </ClCompile>
    <ClCompile Include="FrontServerListDlg.cpp">
      <Filter>Dlg</Filter>
    </ClCompile>
    <ClCompile Include="GameServerListDlg.cpp">
      <Filter>Dlg</Filter>
    </ClCompile>
    <ClCompile Include="GoonZuMCDlg.cpp">
      <Filter>Dlg</Filter>
    </ClCompile>
    <ClCompile Include="LogDlg.cpp">
      <Filter>Dlg</Filter>
    </ClCompile>
    <ClCompile Include="LoginDlg.cpp">
      <Filter>Dlg</Filter>
    </ClCompile>
    <ClCompile Include="ServerStateDlg.cpp">
      <Filter>Dlg</Filter>
    </ClCompile>
    <ClCompile Include="StatisticsDlg.cpp">
      <Filter>Dlg</Filter>
    </ClCompile>
    <ClCompile Include="ListView.cpp">
      <Filter>Control</Filter>
    </ClCompile>
    <ClCompile Include="MyRichEdit.cpp">
      <Filter>Control</Filter>
    </ClCompile>
    <ClCompile Include="StatisticsGraph.cpp">
      <Filter>Control</Filter>
    </ClCompile>
    <ClCompile Include="StaticBuffer.cpp">
      <Filter>Lib</Filter>
    </ClCompile>
  </ItemGroup>
  <ItemGroup>
    <ResourceCompile Include="GoonZuMC.rc">
      <Filter>Source Files</Filter>
    </ResourceCompile>
  </ItemGroup>
  <ItemGroup>
    <ClInclude Include="GMOrderLogManager.h">
      <Filter>Header Files</Filter>
    </ClInclude>
    <ClInclude Include="GoonZuMC.h">
      <Filter>Header Files</Filter>
    </ClInclude>
    <ClInclude Include="..\..\Server\FrontServer\Log.h">
      <Filter>Header Files</Filter>
    </ClInclude>
    <ClInclude Include="..\MasterServer\MasterMsg.h">
      <Filter>Header Files</Filter>
    </ClInclude>
    <ClInclude Include="MasterProcess.h">
      <Filter>Header Files</Filter>
    </ClInclude>
    <ClInclude Include="Resource.h">
      <Filter>Header Files</Filter>
    </ClInclude>
    <ClInclude Include="..\MasterServer\ServerInfo.h">
      <Filter>Header Files</Filter>
    </ClInclude>
    <ClInclude Include="StatisticsData.h">
      <Filter>Header Files</Filter>
    </ClInclude>
    <ClInclude Include="StdAfx.h">
      <Filter>Header Files</Filter>
    </ClInclude>
    <ClInclude Include="..\..\NetworkLib\itznetlib\itzbase.h">
      <Filter>ITZNetLib</Filter>
    </ClInclude>
    <ClInclude Include="..\..\NetworkLib\itznetlib\ITZCAQueue.h">
      <Filter>ITZNetLib</Filter>
    </ClInclude>
    <ClInclude Include="..\..\NetworkLib\itznetlib\ITZCell.h">
      <Filter>ITZNetLib</Filter>
    </ClInclude>
    <ClInclude Include="..\..\NetworkLib\itznetlib\ITZEncrypt.h">
      <Filter>ITZNetLib</Filter>
    </ClInclude>
    <ClInclude Include="..\..\NetworkLib\itznetlib\ITZList.h">
      <Filter>ITZNetLib</Filter>
    </ClInclude>
    <ClInclude Include="..\..\NetworkLib\itznetlib\ITZListen.h">
      <Filter>ITZNetLib</Filter>
    </ClInclude>
    <ClInclude Include="..\..\NetworkLib\itznetlib\ITZMap.h">
      <Filter>ITZNetLib</Filter>
    </ClInclude>
    <ClInclude Include="..\..\NetworkLib\itznetlib\ITZNetIOCP.h">
      <Filter>ITZNetLib</Filter>
    </ClInclude>
    <ClInclude Include="..\..\NetworkLib\itznetlib\ITZNetOverlapped.h">
      <Filter>ITZNetLib</Filter>
    </ClInclude>
    <ClInclude Include="..\..\NetworkLib\itznetlib\ITZNetwork.h">
      <Filter>ITZNetLib</Filter>
    </ClInclude>
    <ClInclude Include="..\..\NetworkLib\itznetlib\ITZNetworkThread.h">
      <Filter>ITZNetLib</Filter>
    </ClInclude>
    <ClInclude Include="..\..\NetworkLib\itznetlib\ITZObject.h">
      <Filter>ITZNetLib</Filter>
    </ClInclude>
    <ClInclude Include="..\..\NetworkLib\itznetlib\ITZPerson.h">
      <Filter>ITZNetLib</Filter>
    </ClInclude>
    <ClInclude Include="..\..\NetworkLib\itznetlib\ITZQList.h">
      <Filter>ITZNetLib</Filter>
    </ClInclude>
    <ClInclude Include="..\..\NetworkLib\itznetlib\ITZQueue.h">
      <Filter>ITZNetLib</Filter>
    </ClInclude>
    <ClInclude Include="..\..\NetworkLib\itznetlib\ITZRecvBuffer.h">
      <Filter>ITZNetLib</Filter>
    </ClInclude>
    <ClInclude Include="..\..\NetworkLib\itznetlib\ITZSendBuffer.h">
      <Filter>ITZNetLib</Filter>
    </ClInclude>
    <ClInclude Include="..\..\NetworkLib\itznetlib\ITZServer.h">
      <Filter>ITZNetLib</Filter>
    </ClInclude>
    <ClInclude Include="..\..\NetworkLib\itznetlib\ITZSession.h">
      <Filter>ITZNetLib</Filter>
    </ClInclude>
    <ClInclude Include="..\..\NetworkLib\itznetlib\ITZSessionFactory.h">
      <Filter>ITZNetLib</Filter>
    </ClInclude>
    <ClInclude Include="..\..\NetworkLib\itznetlib\ITZSessionManager.h">
      <Filter>ITZNetLib</Filter>
    </ClInclude>
    <ClInclude Include="..\..\NetworkLib\itznetlib\ITZWorld.h">
      <Filter>ITZNetLib</Filter>
    </ClInclude>
    <ClInclude Include="..\..\NetworkLib\ITZNetLib\NLZF.h">
      <Filter>ITZNetLib</Filter>
    </ClInclude>
    <ClInclude Include="..\..\NetworkLib\ITZNetLib\libLZF\lzf.h">
      <Filter>ITZNetLib\libLZF</Filter>
    </ClInclude>
    <ClInclude Include="..\..\NetworkLib\ITZNetLib\libLZF\lzfP.h">
      <Filter>ITZNetLib\libLZF</Filter>
    </ClInclude>
    <ClInclude Include="..\..\NLib\NArray.h">
      <Filter>NLib</Filter>
    </ClInclude>
    <ClInclude Include="..\..\NLib\NDataLoader.h">
      <Filter>NLib</Filter>
    </ClInclude>
    <ClInclude Include="..\..\NLib\NDataTypes.h">
      <Filter>NLib</Filter>
    </ClInclude>
    <ClInclude Include="..\..\NLib\NDate.h">
      <Filter>NLib</Filter>
    </ClInclude>
    <ClInclude Include="..\..\NLib\NDIB.h">
      <Filter>NLib</Filter>
    </ClInclude>
    <ClInclude Include="..\..\NLib\NDraw.h">
      <Filter>NLib</Filter>
    </ClInclude>
    <ClInclude Include="..\..\NLib\NFile.h">
      <Filter>NLib</Filter>
    </ClInclude>
    <ClInclude Include="..\..\NLib\NHashTable.h">
      <Filter>NLib</Filter>
    </ClInclude>
    <ClInclude Include="..\..\NLib\NHashTableString.h">
      <Filter>NLib</Filter>
    </ClInclude>
    <ClInclude Include="..\..\NLib\NList.h">
      <Filter>NLib</Filter>
    </ClInclude>
    <ClInclude Include="..\..\NLib\NMsgShareBuffer.h">
      <Filter>NLib</Filter>
    </ClInclude>
    <ClInclude Include="..\..\NLib\NSpr.h">
      <Filter>NLib</Filter>
    </ClInclude>
    <ClInclude Include="..\..\NLib\NTextManager.h">
      <Filter>NLib</Filter>
    </ClInclude>
    <ClInclude Include="..\..\NLib\NTimer.h">
      <Filter>NLib</Filter>
    </ClInclude>
    <ClInclude Include="..\..\NLib\NUtil.h">
      <Filter>NLib</Filter>
    </ClInclude>
    <ClInclude Include="..\..\NLib\TSpr.h">
      <Filter>NLib</Filter>
    </ClInclude>
    <ClInclude Include="FrontServerListDlg.h">
      <Filter>Dlg</Filter>
    </ClInclude>
    <ClInclude Include="GameServerListDlg.h">
      <Filter>Dlg</Filter>
    </ClInclude>
    <ClInclude Include="GoonZuMCDlg.h">
      <Filter>Dlg</Filter>
    </ClInclude>
    <ClInclude Include="LogDlg.h">
      <Filter>Dlg</Filter>
    </ClInclude>
    <ClInclude Include="LoginDlg.h">
      <Filter>Dlg</Filter>
    </ClInclude>
    <ClInclude Include="ServerStateDlg.h">
      <Filter>Dlg</Filter>
    </ClInclude>
    <ClInclude Include="StatisticsDlg.h">
      <Filter>Dlg</Filter>
    </ClInclude>
    <ClInclude Include="ListView.h">
      <Filter>Control</Filter>
    </ClInclude>
    <ClInclude Include="MyRichEdit.h">
      <Filter>Control</Filter>
    </ClInclude>
    <ClInclude Include="StatisticsGraph.h">
      <Filter>Control</Filter>
    </ClInclude>
    <ClInclude Include="StaticBuffer.h">
      <Filter>Lib</Filter>
    </ClInclude>
  </ItemGroup>
  <ItemGroup>
    <Image Include="res\GoonZuMC.ico">
      <Filter>Resource Files</Filter>
    </Image>
  </ItemGroup>
  <ItemGroup>
    <None Include="res\GoonZuMC.rc2">
      <Filter>Resource Files</Filter>
    </None>
  </ItemGroup>
  <ItemGroup>
    <Text Include="ReadMe.txt" />
  </ItemGroup>
</Project>