<?xml version="1.0" encoding="utf-8"?>
<Project ToolsVersion="4.0" xmlns="http://schemas.microsoft.com/developer/msbuild/2003">
  <ItemGroup>
    <Filter Include="소스 파일">
      <UniqueIdentifier>{4FC737F1-C7A5-4376-A066-2A32D752A2FF}</UniqueIdentifier>
      <Extensions>cpp;c;cxx;def;odl;idl;hpj;bat;asm;asmx</Extensions>
    </Filter>
    <Filter Include="헤더 파일">
      <UniqueIdentifier>{93995380-89BD-4b04-88EB-625FBE52EBFB}</UniqueIdentifier>
      <Extensions>h;hpp;hxx;hm;inl;inc;xsd</Extensions>
    </Filter>
    <Filter Include="리소스 파일">
      <UniqueIdentifier>{67DA6AB6-F800-4c08-8B7A-83BB121AAD01}</UniqueIdentifier>
      <Extensions>rc;ico;cur;bmp;dlg;rc2;rct;bin;rgs;gif;jpg;jpeg;jpe;resx</Extensions>
    </Filter>
  </ItemGroup>
  <ItemGroup>
    <ClCompile Include="NBuffer.cpp">
      <Filter>소스 파일</Filter>
    </ClCompile>
    <ClCompile Include="NByteCrypto.cpp">
      <Filter>소스 파일</Filter>
    </ClCompile>
    <ClCompile Include="NDataLoader.cpp">
      <Filter>소스 파일</Filter>
    </ClCompile>
    <ClCompile Include="NDataTypes.cpp">
      <Filter>소스 파일</Filter>
    </ClCompile>
    <ClCompile Include="NDate.cpp">
      <Filter>소스 파일</Filter>
    </ClCompile>
    <ClCompile Include="NDIB.cpp">
      <Filter>소스 파일</Filter>
    </ClCompile>
    <ClCompile Include="NDraw.cpp">
      <Filter>소스 파일</Filter>
    </ClCompile>
    <ClCompile Include="NDraw_PutSpr16T.cpp">
      <Filter>소스 파일</Filter>
    </ClCompile>
    <ClCompile Include="NFile.cpp">
      <Filter>소스 파일</Filter>
    </ClCompile>
    <ClCompile Include="NGrp_PutSpr16T.cpp">
      <Filter>소스 파일</Filter>
    </ClCompile>
    <ClCompile Include="NLogFile.cpp">
      <Filter>소스 파일</Filter>
    </ClCompile>
    <ClCompile Include="NMsgShareBuffer.cpp">
      <Filter>소스 파일</Filter>
    </ClCompile>
    <ClCompile Include="NSpr.cpp">
      <Filter>소스 파일</Filter>
    </ClCompile>
    <ClCompile Include="NTextManager.cpp">
      <Filter>소스 파일</Filter>
    </ClCompile>
    <ClCompile Include="NTimer.cpp">
      <Filter>소스 파일</Filter>
    </ClCompile>
    <ClCompile Include="NUtil.cpp">
      <Filter>소스 파일</Filter>
    </ClCompile>
    <ClCompile Include="NVirtualArray.cpp">
      <Filter>소스 파일</Filter>
    </ClCompile>
    <ClCompile Include="NVirtualBuffer.cpp">
      <Filter>소스 파일</Filter>
    </ClCompile>
    <ClCompile Include="TSpr.cpp">
      <Filter>소스 파일</Filter>
    </ClCompile>
  </ItemGroup>
  <ItemGroup>
    <ClInclude Include="NArray.h">
      <Filter>헤더 파일</Filter>
    </ClInclude>
    <ClInclude Include="NBuffer.h">
      <Filter>헤더 파일</Filter>
    </ClInclude>
    <ClInclude Include="NByteCrypto.h">
      <Filter>헤더 파일</Filter>
    </ClInclude>
    <ClInclude Include="NDataLoader.h">
      <Filter>헤더 파일</Filter>
    </ClInclude>
    <ClInclude Include="NDataTypes.h">
      <Filter>헤더 파일</Filter>
    </ClInclude>
    <ClInclude Include="NDate.h">
      <Filter>헤더 파일</Filter>
    </ClInclude>
    <ClInclude Include="NDIB.h">
      <Filter>헤더 파일</Filter>
    </ClInclude>
    <ClInclude Include="NDraw.h">
      <Filter>헤더 파일</Filter>
    </ClInclude>
    <ClInclude Include="NFile.h">
      <Filter>헤더 파일</Filter>
    </ClInclude>
    <ClInclude Include="NHashTable.h">
      <Filter>헤더 파일</Filter>
    </ClInclude>
    <ClInclude Include="NHashTableString.h">
      <Filter>헤더 파일</Filter>
    </ClInclude>
    <ClInclude Include="NList.h">
      <Filter>헤더 파일</Filter>
    </ClInclude>
    <ClInclude Include="NLogFile.h">
      <Filter>헤더 파일</Filter>
    </ClInclude>
    <ClInclude Include="NMsgShareBuffer.h">
      <Filter>헤더 파일</Filter>
    </ClInclude>
    <ClInclude Include="NSpr.h">
      <Filter>헤더 파일</Filter>
    </ClInclude>
    <ClInclude Include="NTextManager.h">
      <Filter>헤더 파일</Filter>
    </ClInclude>
    <ClInclude Include="NTimer.h">
      <Filter>헤더 파일</Filter>
    </ClInclude>
    <ClInclude Include="NUpdateTimer.h">
      <Filter>헤더 파일</Filter>
    </ClInclude>
    <ClInclude Include="NUtil.h">
      <Filter>헤더 파일</Filter>
    </ClInclude>
    <ClInclude Include="NVirtualArray.h">
      <Filter>헤더 파일</Filter>
    </ClInclude>
    <ClInclude Include="NVirtualBuffer.h">
      <Filter>헤더 파일</Filter>
    </ClInclude>
    <ClInclude Include="TSpr.h">
      <Filter>헤더 파일</Filter>
    </ClInclude>
  </ItemGroup>
  <ItemGroup>
    <Text Include="ReadMe.txt" />
  </ItemGroup>
</Project>