<?xml version="1.0" encoding="utf-8"?>
<Project ToolsVersion="4.0" xmlns="http://schemas.microsoft.com/developer/msbuild/2003">
  <ItemGroup>
    <Filter Include="Source Files">
      <UniqueIdentifier>{b786d6b5-ac64-4b29-af01-0f340f0e63df}</UniqueIdentifier>
      <Extensions>cpp;c;cxx;rc;def;r;odl;idl;hpj;bat</Extensions>
    </Filter>
    <Filter Include="Header Files">
      <UniqueIdentifier>{90086ad6-6887-41dd-b7c6-64a527dea963}</UniqueIdentifier>
      <Extensions>h;hpp;hxx;hm;inl</Extensions>
    </Filter>
    <Filter Include="ITZNetLib">
      <UniqueIdentifier>{e4a32c49-37c5-46ca-a585-ecdb26d7283a}</UniqueIdentifier>
    </Filter>
    <Filter Include="ITZNetLib\libLZF">
      <UniqueIdentifier>{89a34fb3-1b35-4f39-bfdf-8d4d1416d02b}</UniqueIdentifier>
    </Filter>
    <Filter Include="AccountDBProcess">
      <UniqueIdentifier>{71b7f5f0-6f05-4744-8410-c370e6176c9c}</UniqueIdentifier>
    </Filter>
    <Filter Include="Resource Files">
      <UniqueIdentifier>{0633a44d-24b8-4378-a080-036170c6b86c}</UniqueIdentifier>
      <Extensions>ico;cur;bmp;dlg;rc2;rct;bin;rgs;gif;jpg;jpeg;jpe</Extensions>
    </Filter>
    <Filter Include="Log">
      <UniqueIdentifier>{f54db9d6-1c8d-4803-b588-60326cc4ee08}</UniqueIdentifier>
    </Filter>
    <Filter Include="NLib">
      <UniqueIdentifier>{c3b99c16-eb16-4e67-8813-672eefd061c1}</UniqueIdentifier>
    </Filter>
  </ItemGroup>
  <ItemGroup>
    <ClCompile Include="AccessInfo.cpp">
      <Filter>Source Files</Filter>
    </ClCompile>
    <ClCompile Include="LogFile.cpp">
      <Filter>Source Files</Filter>
    </ClCompile>
    <ClCompile Include="main.cpp">
      <Filter>Source Files</Filter>
    </ClCompile>
    <ClCompile Include="MasterClientProtocol.cpp">
      <Filter>Source Files</Filter>
    </ClCompile>
    <ClCompile Include="ServerInfo.cpp">
      <Filter>Source Files</Filter>
    </ClCompile>
    <ClCompile Include="ServerProcess.cpp">
      <Filter>Source Files</Filter>
    </ClCompile>
    <ClCompile Include="ToolsLog.cpp">
      <Filter>Source Files</Filter>
    </ClCompile>
    <ClCompile Include="VersionInfo.cpp">
      <Filter>Source Files</Filter>
    </ClCompile>
    <ClCompile Include="..\..\NetworkLib\itznetlib\ITZEncrypt.cpp">
      <Filter>ITZNetLib</Filter>
    </ClCompile>
    <ClCompile Include="..\..\NetworkLib\itznetlib\ITZListen.cpp">
      <Filter>ITZNetLib</Filter>
    </ClCompile>
    <ClCompile Include="..\..\NetworkLib\itznetlib\ITZNetIOCP.cpp">
      <Filter>ITZNetLib</Filter>
    </ClCompile>
    <ClCompile Include="..\..\NetworkLib\itznetlib\ITZNetworkThread.cpp">
      <Filter>ITZNetLib</Filter>
    </ClCompile>
    <ClCompile Include="..\..\NetworkLib\itznetlib\ITZPerson.cpp">
      <Filter>ITZNetLib</Filter>
    </ClCompile>
    <ClCompile Include="..\..\NetworkLib\itznetlib\ITZQList.cpp">
      <Filter>ITZNetLib</Filter>
    </ClCompile>
    <ClCompile Include="..\..\NetworkLib\itznetlib\ITZRecvBuffer.cpp">
      <Filter>ITZNetLib</Filter>
    </ClCompile>
    <ClCompile Include="..\..\NetworkLib\itznetlib\ITZSendBuffer.cpp">
      <Filter>ITZNetLib</Filter>
    </ClCompile>
    <ClCompile Include="..\..\NetworkLib\itznetlib\ITZServer.cpp">
      <Filter>ITZNetLib</Filter>
    </ClCompile>
    <ClCompile Include="..\..\NetworkLib\itznetlib\ITZSession.cpp">
      <Filter>ITZNetLib</Filter>
    </ClCompile>
    <ClCompile Include="..\..\NetworkLib\itznetlib\ITZSessionManager.cpp">
      <Filter>ITZNetLib</Filter>
    </ClCompile>
    <ClCompile Include="..\..\NetworkLib\itznetlib\ITZWinApp.cpp">
      <Filter>ITZNetLib</Filter>
    </ClCompile>
    <ClCompile Include="..\..\NetworkLib\ITZNetLib\NLZF.cpp">
      <Filter>ITZNetLib</Filter>
    </ClCompile>
    <ClCompile Include="..\..\NetworkLib\ITZNetLib\libLZF\lzf_c.c">
      <Filter>ITZNetLib\libLZF</Filter>
    </ClCompile>
    <ClCompile Include="..\..\NetworkLib\ITZNetLib\libLZF\lzf_d.c">
      <Filter>ITZNetLib\libLZF</Filter>
    </ClCompile>
    <ClCompile Include="AccountDBProcess.cpp">
      <Filter>AccountDBProcess</Filter>
    </ClCompile>
    <ClCompile Include="..\..\Server\FrontServer\Log.cpp">
      <Filter>Log</Filter>
    </ClCompile>
    <ClCompile Include="..\..\NLib\NTCHARString.cpp">
      <Filter>NLib</Filter>
    </ClCompile>
  </ItemGroup>
  <ItemGroup>
    <ClInclude Include="AccessInfo.h">
      <Filter>Header Files</Filter>
    </ClInclude>
    <ClInclude Include="..\..\DBManager\LogDBManager\LogDBMsg.h">
      <Filter>Header Files</Filter>
    </ClInclude>
    <ClInclude Include="LogFile.h">
      <Filter>Header Files</Filter>
    </ClInclude>
    <ClInclude Include="MasterClientProtocol.h">
      <Filter>Header Files</Filter>
    </ClInclude>
    <ClInclude Include="MasterMsg.h">
      <Filter>Header Files</Filter>
    </ClInclude>
    <ClInclude Include="MasterServer.h">
      <Filter>Header Files</Filter>
    </ClInclude>
    <ClInclude Include="ServerInfo.h">
      <Filter>Header Files</Filter>
    </ClInclude>
    <ClInclude Include="ServerProcess.h">
      <Filter>Header Files</Filter>
    </ClInclude>
    <ClInclude Include="ServerStatistics.h">
      <Filter>Header Files</Filter>
    </ClInclude>
    <ClInclude Include="ToolsLog.h">
      <Filter>Header Files</Filter>
    </ClInclude>
    <ClInclude Include="VersionInfo.h">
      <Filter>Header Files</Filter>
    </ClInclude>
    <ClInclude Include="..\..\NetworkLib\itznetlib\itzbase.h">
      <Filter>ITZNetLib</Filter>
    </ClInclude>
    <ClInclude Include="..\..\NetworkLib\itznetlib\ITZEncrypt.h">
      <Filter>ITZNetLib</Filter>
    </ClInclude>
    <ClInclude Include="..\..\NetworkLib\itznetlib\ITZList.h">
      <Filter>ITZNetLib</Filter>
    </ClInclude>
    <ClInclude Include="..\..\NetworkLib\itznetlib\ITZListen.h">
      <Filter>ITZNetLib</Filter>
    </ClInclude>
    <ClInclude Include="..\..\NetworkLib\itznetlib\ITZNetIOCP.h">
      <Filter>ITZNetLib</Filter>
    </ClInclude>
    <ClInclude Include="..\..\NetworkLib\itznetlib\ITZNetwork.h">
      <Filter>ITZNetLib</Filter>
    </ClInclude>
    <ClInclude Include="..\..\NetworkLib\itznetlib\ITZNetworkThread.h">
      <Filter>ITZNetLib</Filter>
    </ClInclude>
    <ClInclude Include="..\..\NetworkLib\itznetlib\ITZObject.h">
      <Filter>ITZNetLib</Filter>
    </ClInclude>
    <ClInclude Include="..\..\NetworkLib\itznetlib\ITZPerson.h">
      <Filter>ITZNetLib</Filter>
    </ClInclude>
    <ClInclude Include="..\..\NetworkLib\itznetlib\ITZQList.h">
      <Filter>ITZNetLib</Filter>
    </ClInclude>
    <ClInclude Include="..\..\NetworkLib\itznetlib\ITZQueue.h">
      <Filter>ITZNetLib</Filter>
    </ClInclude>
    <ClInclude Include="..\..\NetworkLib\itznetlib\ITZRecvBuffer.h">
      <Filter>ITZNetLib</Filter>
    </ClInclude>
    <ClInclude Include="..\..\NetworkLib\itznetlib\ITZSendBuffer.h">
      <Filter>ITZNetLib</Filter>
    </ClInclude>
    <ClInclude Include="..\..\NetworkLib\itznetlib\ITZServer.h">
      <Filter>ITZNetLib</Filter>
    </ClInclude>
    <ClInclude Include="..\..\NetworkLib\itznetlib\ITZSession.h">
      <Filter>ITZNetLib</Filter>
    </ClInclude>
    <ClInclude Include="..\..\NetworkLib\itznetlib\ITZSessionFactory.h">
      <Filter>ITZNetLib</Filter>
    </ClInclude>
    <ClInclude Include="..\..\NetworkLib\itznetlib\ITZSessionManager.h">
      <Filter>ITZNetLib</Filter>
    </ClInclude>
    <ClInclude Include="..\..\NetworkLib\itznetlib\ITZWinApp.h">
      <Filter>ITZNetLib</Filter>
    </ClInclude>
    <ClInclude Include="..\..\NetworkLib\ITZNetLib\NLZF.h">
      <Filter>ITZNetLib</Filter>
    </ClInclude>
    <ClInclude Include="..\..\NetworkLib\ITZNetLib\libLZF\lzf.h">
      <Filter>ITZNetLib\libLZF</Filter>
    </ClInclude>
    <ClInclude Include="..\..\NetworkLib\ITZNetLib\libLZF\lzfP.h">
      <Filter>ITZNetLib\libLZF</Filter>
    </ClInclude>
    <ClInclude Include="..\..\DBManager\AccountDBManager\AccountDBMsg.h">
      <Filter>AccountDBProcess</Filter>
    </ClInclude>
    <ClInclude Include="AccountDBProcess.h">
      <Filter>AccountDBProcess</Filter>
    </ClInclude>
    <ClInclude Include="..\..\Server\FrontServer\Log.h">
      <Filter>Log</Filter>
    </ClInclude>
    <ClInclude Include="..\..\NLib\NMap.h">
      <Filter>NLib</Filter>
    </ClInclude>
    <ClInclude Include="..\..\NLib\NTCHARString.h">
      <Filter>NLib</Filter>
    </ClInclude>
  </ItemGroup>
</Project>